
Microsoft Visual Studio Solution File, Format Version 12.00
# Visual Studio 15
VisualStudioVersion = 15.0.26403.7
MinimumVisualStudioVersion = 10.0.40219.1
Project("{FAE04EC0-301F-11D3-BF4B-00C04F79EFBC}") = "DSV", "Lab4\DSV.csproj", "{E724CA40-9C00-4B7A-9FEB-9E7CB4C264A0}"
EndProject
Project("{FAE04EC0-301F-11D3-BF4B-00C04F79EFBC}") = "NSV", "..\NSV\Lab4\NSV.csproj", "{E1E7F4EF-400E-4C5C-883A-8CC3A78742D7}"
EndProject
Project("{FAE04EC0-301F-11D3-BF4B-00C04F79EFBC}") = "NSVMonte", "..\MonteKarloNSV\Lab4\NSVMonte.csproj", "{101FA033-03D8-4413-A89D-533BDB74C41C}"
EndProject
Project("{FAE04EC0-301F-11D3-BF4B-00C04F79EFBC}") = "DSVMonte", "..\MonteKarloDSV\Lab4\DSVMonte.csproj", "{61E1CF11-818F-445E-A10D-D05747461E02}"
EndProject
Global
	GlobalSection(SolutionConfigurationPlatforms) = preSolution
		Debug|Any CPU = Debug|Any CPU
		Release|Any CPU = Release|Any CPU
	EndGlobalSection
	GlobalSection(ProjectConfigurationPlatforms) = postSolution
		{E724CA40-9C00-4B7A-9FEB-9E7CB4C264A0}.Debug|Any CPU.ActiveCfg = Debug|Any CPU
		{E724CA40-9C00-4B7A-9FEB-9E7CB4C264A0}.Debug|Any CPU.Build.0 = Debug|Any CPU
		{E724CA40-9C00-4B7A-9FEB-9E7CB4C264A0}.Release|Any CPU.ActiveCfg = Release|Any CPU
		{E724CA40-9C00-4B7A-9FEB-9E7CB4C264A0}.Release|Any CPU.Build.0 = Release|Any CPU
		{E1E7F4EF-400E-4C5C-883A-8CC3A78742D7}.Debug|Any CPU.ActiveCfg = Debug|Any CPU
		{E1E7F4EF-400E-4C5C-883A-8CC3A78742D7}.Debug|Any CPU.Build.0 = Debug|Any CPU
		{E1E7F4EF-400E-4C5C-883A-8CC3A78742D7}.Release|Any CPU.ActiveCfg = Release|Any CPU
		{E1E7F4EF-400E-4C5C-883A-8CC3A78742D7}.Release|Any CPU.Build.0 = Release|Any CPU
		{101FA033-03D8-4413-A89D-533BDB74C41C}.Debug|Any CPU.ActiveCfg = Debug|Any CPU
		{101FA033-03D8-4413-A89D-533BDB74C41C}.Debug|Any CPU.Build.0 = Debug|Any CPU
		{101FA033-03D8-4413-A89D-533BDB74C41C}.Release|Any CPU.ActiveCfg = Release|Any CPU
		{101FA033-03D8-4413-A89D-533BDB74C41C}.Release|Any CPU.Build.0 = Release|Any CPU
		{61E1CF11-818F-445E-A10D-D05747461E02}.Debug|Any CPU.ActiveCfg = Debug|Any CPU
		{61E1CF11-818F-445E-A10D-D05747461E02}.Debug|Any CPU.Build.0 = Debug|Any CPU
		{61E1CF11-818F-445E-A10D-D05747461E02}.Release|Any CPU.ActiveCfg = Release|Any CPU
		{61E1CF11-818F-445E-A10D-D05747461E02}.Release|Any CPU.Build.0 = Release|Any CPU
	EndGlobalSection
	GlobalSection(SolutionProperties) = preSolution
		HideSolutionNode = FALSE
	EndGlobalSection
EndGlobal
